
Microsoft Visual Studio Solution File, Format Version 12.00
# Visual Studio 15
VisualStudioVersion = 15.0.27428.2037
MinimumVisualStudioVersion = 10.0.40219.1
Project("{2150E333-8FDC-42A3-9474-1A3956D46DE8}") = "Web", "Web", "{41A7FE61-0464-4777-9ABB-9570A6068763}"
EndProject
Project("{2150E333-8FDC-42A3-9474-1A3956D46DE8}") = "Service", "Service", "{9940DB75-5E2D-40ED-AF06-F0FBD53AF154}"
EndProject
Project("{2150E333-8FDC-42A3-9474-1A3956D46DE8}") = "Data", "Data", "{3FCA150C-B346-4264-A0ED-A25180F7BEE8}"
EndProject
Project("{FAE04EC0-301F-11D3-BF4B-00C04F79EFBC}") = "NewShop.Service", "NewShop.Service\NewShop.Service.csproj", "{EA58A949-4228-47ED-909F-39046C567EFC}"
EndProject
Project("{2150E333-8FDC-42A3-9474-1A3956D46DE8}") = "Common", "Common", "{9F1B8266-5225-4F4E-9773-C7F679547583}"
EndProject
Project("{FAE04EC0-301F-11D3-BF4B-00C04F79EFBC}") = "NewShop.Common", "NewShop.Common\NewShop.Common.csproj", "{4F404CFA-76DC-4918-835F-622167F32A87}"
EndProject
Project("{FAE04EC0-301F-11D3-BF4B-00C04F79EFBC}") = "NewShop.Web", "NewShop.Web\NewShop.Web.csproj", "{C50DB689-7179-4622-92B5-A23B25FF0DC7}"
EndProject
Project("{FAE04EC0-301F-11D3-BF4B-00C04F79EFBC}") = "NewShop.Entity", "NewShop.Entity\NewShop.Entity.csproj", "{7E5C30AC-577E-4FB8-A97D-5554B20DD201}"
EndProject
Project("{FAE04EC0-301F-11D3-BF4B-00C04F79EFBC}") = "NewShop.IService", "NewShop.IService\NewShop.IService.csproj", "{5ABA7B23-8BC1-4163-82B4-69F103CCB60B}"
EndProject
Project("{FAE04EC0-301F-11D3-BF4B-00C04F79EFBC}") = "NewShop.Model", "NewShop.Model\NewShop.Model.csproj", "{A513E9F5-B194-4419-B60C-17427C8B3645}"
EndProject
Global
	GlobalSection(SolutionConfigurationPlatforms) = preSolution
		Debug|Any CPU = Debug|Any CPU
		Release|Any CPU = Release|Any CPU
	EndGlobalSection
	GlobalSection(ProjectConfigurationPlatforms) = postSolution
		{EA58A949-4228-47ED-909F-39046C567EFC}.Debug|Any CPU.ActiveCfg = Debug|Any CPU
		{EA58A949-4228-47ED-909F-39046C567EFC}.Debug|Any CPU.Build.0 = Debug|Any CPU
		{EA58A949-4228-47ED-909F-39046C567EFC}.Release|Any CPU.ActiveCfg = Release|Any CPU
		{EA58A949-4228-47ED-909F-39046C567EFC}.Release|Any CPU.Build.0 = Release|Any CPU
		{4F404CFA-76DC-4918-835F-622167F32A87}.Debug|Any CPU.ActiveCfg = Debug|Any CPU
		{4F404CFA-76DC-4918-835F-622167F32A87}.Debug|Any CPU.Build.0 = Debug|Any CPU
		{4F404CFA-76DC-4918-835F-622167F32A87}.Release|Any CPU.ActiveCfg = Release|Any CPU
		{4F404CFA-76DC-4918-835F-622167F32A87}.Release|Any CPU.Build.0 = Release|Any CPU
		{C50DB689-7179-4622-92B5-A23B25FF0DC7}.Debug|Any CPU.ActiveCfg = Debug|Any CPU
		{C50DB689-7179-4622-92B5-A23B25FF0DC7}.Debug|Any CPU.Build.0 = Debug|Any CPU
		{C50DB689-7179-4622-92B5-A23B25FF0DC7}.Release|Any CPU.ActiveCfg = Release|Any CPU
		{C50DB689-7179-4622-92B5-A23B25FF0DC7}.Release|Any CPU.Build.0 = Release|Any CPU
		{7E5C30AC-577E-4FB8-A97D-5554B20DD201}.Debug|Any CPU.ActiveCfg = Debug|Any CPU
		{7E5C30AC-577E-4FB8-A97D-5554B20DD201}.Debug|Any CPU.Build.0 = Debug|Any CPU
		{7E5C30AC-577E-4FB8-A97D-5554B20DD201}.Release|Any CPU.ActiveCfg = Release|Any CPU
		{7E5C30AC-577E-4FB8-A97D-5554B20DD201}.Release|Any CPU.Build.0 = Release|Any CPU
		{5ABA7B23-8BC1-4163-82B4-69F103CCB60B}.Debug|Any CPU.ActiveCfg = Debug|Any CPU
		{5ABA7B23-8BC1-4163-82B4-69F103CCB60B}.Debug|Any CPU.Build.0 = Debug|Any CPU
		{5ABA7B23-8BC1-4163-82B4-69F103CCB60B}.Release|Any CPU.ActiveCfg = Release|Any CPU
		{5ABA7B23-8BC1-4163-82B4-69F103CCB60B}.Release|Any CPU.Build.0 = Release|Any CPU
		{A513E9F5-B194-4419-B60C-17427C8B3645}.Debug|Any CPU.ActiveCfg = Debug|Any CPU
		{A513E9F5-B194-4419-B60C-17427C8B3645}.Debug|Any CPU.Build.0 = Debug|Any CPU
		{A513E9F5-B194-4419-B60C-17427C8B3645}.Release|Any CPU.ActiveCfg = Release|Any CPU
		{A513E9F5-B194-4419-B60C-17427C8B3645}.Release|Any CPU.Build.0 = Release|Any CPU
	EndGlobalSection
	GlobalSection(SolutionProperties) = preSolution
		HideSolutionNode = FALSE
	EndGlobalSection
	GlobalSection(NestedProjects) = preSolution
		{EA58A949-4228-47ED-909F-39046C567EFC} = {9940DB75-5E2D-40ED-AF06-F0FBD53AF154}
		{4F404CFA-76DC-4918-835F-622167F32A87} = {9F1B8266-5225-4F4E-9773-C7F679547583}
		{C50DB689-7179-4622-92B5-A23B25FF0DC7} = {41A7FE61-0464-4777-9ABB-9570A6068763}
		{7E5C30AC-577E-4FB8-A97D-5554B20DD201} = {3FCA150C-B346-4264-A0ED-A25180F7BEE8}
		{5ABA7B23-8BC1-4163-82B4-69F103CCB60B} = {9940DB75-5E2D-40ED-AF06-F0FBD53AF154}
		{A513E9F5-B194-4419-B60C-17427C8B3645} = {3FCA150C-B346-4264-A0ED-A25180F7BEE8}
	EndGlobalSection
	GlobalSection(ExtensibilityGlobals) = postSolution
		SolutionGuid = {BB75601E-7755-40A0-BB8B-093E9C7C56A7}
	EndGlobalSection
EndGlobal
